
Microsoft Visual Studio Solution File, Format Version 12.00
# Visual Studio Version 16
VisualStudioVersion = 16.0.30114.105
MinimumVisualStudioVersion = 10.0.40219.1
Project("{9A19103F-16F7-4668-BE54-9A1E7A4F7556}") = "BL", "BL\BL.csproj", "{693418EF-579B-40A4-89A6-4A13D8AF8D0F}"
EndProject
Project("{9A19103F-16F7-4668-BE54-9A1E7A4F7556}") = "DL", "DL\DL.csproj", "{1F3E66AF-0E66-434C-9EB4-36D76FC11356}"
EndProject
Project("{9A19103F-16F7-4668-BE54-9A1E7A4F7556}") = "Models", "Models\Models.csproj", "{34810D46-80E5-45A4-9B56-D9A894853EEB}"
EndProject
Project("{9A19103F-16F7-4668-BE54-9A1E7A4F7556}") = "Tests", "Tests\Tests.csproj", "{B458D5DD-4462-4ADB-AD09-F82E297B9672}"
EndProject
Project("{FAE04EC0-301F-11D3-BF4B-00C04F79EFBC}") = "P1-WebUI", "P1-WebUI\P1-WebUI.csproj", "{8D5150DA-AEDF-45EC-905A-3B2222EB4FC4}"
EndProject
Global
	GlobalSection(SolutionConfigurationPlatforms) = preSolution
		Debug|Any CPU = Debug|Any CPU
		Debug|x64 = Debug|x64
		Debug|x86 = Debug|x86
		Release|Any CPU = Release|Any CPU
		Release|x64 = Release|x64
		Release|x86 = Release|x86
	EndGlobalSection
	GlobalSection(ProjectConfigurationPlatforms) = postSolution
		{693418EF-579B-40A4-89A6-4A13D8AF8D0F}.Debug|Any CPU.ActiveCfg = Debug|Any CPU
		{693418EF-579B-40A4-89A6-4A13D8AF8D0F}.Debug|Any CPU.Build.0 = Debug|Any CPU
		{693418EF-579B-40A4-89A6-4A13D8AF8D0F}.Debug|x64.ActiveCfg = Debug|Any CPU
		{693418EF-579B-40A4-89A6-4A13D8AF8D0F}.Debug|x64.Build.0 = Debug|Any CPU
		{693418EF-579B-40A4-89A6-4A13D8AF8D0F}.Debug|x86.ActiveCfg = Debug|Any CPU
		{693418EF-579B-40A4-89A6-4A13D8AF8D0F}.Debug|x86.Build.0 = Debug|Any CPU
		{693418EF-579B-40A4-89A6-4A13D8AF8D0F}.Release|Any CPU.ActiveCfg = Release|Any CPU
		{693418EF-579B-40A4-89A6-4A13D8AF8D0F}.Release|Any CPU.Build.0 = Release|Any CPU
		{693418EF-579B-40A4-89A6-4A13D8AF8D0F}.Release|x64.ActiveCfg = Release|Any CPU
		{693418EF-579B-40A4-89A6-4A13D8AF8D0F}.Release|x64.Build.0 = Release|Any CPU
		{693418EF-579B-40A4-89A6-4A13D8AF8D0F}.Release|x86.ActiveCfg = Release|Any CPU
		{693418EF-579B-40A4-89A6-4A13D8AF8D0F}.Release|x86.Build.0 = Release|Any CPU
		{1F3E66AF-0E66-434C-9EB4-36D76FC11356}.Debug|Any CPU.ActiveCfg = Debug|Any CPU
		{1F3E66AF-0E66-434C-9EB4-36D76FC11356}.Debug|Any CPU.Build.0 = Debug|Any CPU
		{1F3E66AF-0E66-434C-9EB4-36D76FC11356}.Debug|x64.ActiveCfg = Debug|Any CPU
		{1F3E66AF-0E66-434C-9EB4-36D76FC11356}.Debug|x64.Build.0 = Debug|Any CPU
		{1F3E66AF-0E66-434C-9EB4-36D76FC11356}.Debug|x86.ActiveCfg = Debug|Any CPU
		{1F3E66AF-0E66-434C-9EB4-36D76FC11356}.Debug|x86.Build.0 = Debug|Any CPU
		{1F3E66AF-0E66-434C-9EB4-36D76FC11356}.Release|Any CPU.ActiveCfg = Release|Any CPU
		{1F3E66AF-0E66-434C-9EB4-36D76FC11356}.Release|Any CPU.Build.0 = Release|Any CPU
		{1F3E66AF-0E66-434C-9EB4-36D76FC11356}.Release|x64.ActiveCfg = Release|Any CPU
		{1F3E66AF-0E66-434C-9EB4-36D76FC11356}.Release|x64.Build.0 = Release|Any CPU
		{1F3E66AF-0E66-434C-9EB4-36D76FC11356}.Release|x86.ActiveCfg = Release|Any CPU
		{1F3E66AF-0E66-434C-9EB4-36D76FC11356}.Release|x86.Build.0 = Release|Any CPU
		{34810D46-80E5-45A4-9B56-D9A894853EEB}.Debug|Any CPU.ActiveCfg = Debug|Any CPU
		{34810D46-80E5-45A4-9B56-D9A894853EEB}.Debug|Any CPU.Build.0 = Debug|Any CPU
		{34810D46-80E5-45A4-9B56-D9A894853EEB}.Debug|x64.ActiveCfg = Debug|Any CPU
		{34810D46-80E5-45A4-9B56-D9A894853EEB}.Debug|x64.Build.0 = Debug|Any CPU
		{34810D46-80E5-45A4-9B56-D9A894853EEB}.Debug|x86.ActiveCfg = Debug|Any CPU
		{34810D46-80E5-45A4-9B56-D9A894853EEB}.Debug|x86.Build.0 = Debug|Any CPU
		{34810D46-80E5-45A4-9B56-D9A894853EEB}.Release|Any CPU.ActiveCfg = Release|Any CPU
		{34810D46-80E5-45A4-9B56-D9A894853EEB}.Release|Any CPU.Build.0 = Release|Any CPU
		{34810D46-80E5-45A4-9B56-D9A894853EEB}.Release|x64.ActiveCfg = Release|Any CPU
		{34810D46-80E5-45A4-9B56-D9A894853EEB}.Release|x64.Build.0 = Release|Any CPU
		{34810D46-80E5-45A4-9B56-D9A894853EEB}.Release|x86.ActiveCfg = Release|Any CPU
		{34810D46-80E5-45A4-9B56-D9A894853EEB}.Release|x86.Build.0 = Release|Any CPU
		{B458D5DD-4462-4ADB-AD09-F82E297B9672}.Debug|Any CPU.ActiveCfg = Debug|Any CPU
		{B458D5DD-4462-4ADB-AD09-F82E297B9672}.Debug|Any CPU.Build.0 = Debug|Any CPU
		{B458D5DD-4462-4ADB-AD09-F82E297B9672}.Debug|x64.ActiveCfg = Debug|Any CPU
		{B458D5DD-4462-4ADB-AD09-F82E297B9672}.Debug|x64.Build.0 = Debug|Any CPU
		{B458D5DD-4462-4ADB-AD09-F82E297B9672}.Debug|x86.ActiveCfg = Debug|Any CPU
		{B458D5DD-4462-4ADB-AD09-F82E297B9672}.Debug|x86.Build.0 = Debug|Any CPU
		{B458D5DD-4462-4ADB-AD09-F82E297B9672}.Release|Any CPU.ActiveCfg = Release|Any CPU
		{B458D5DD-4462-4ADB-AD09-F82E297B9672}.Release|Any CPU.Build.0 = Release|Any CPU
		{B458D5DD-4462-4ADB-AD09-F82E297B9672}.Release|x64.ActiveCfg = Release|Any CPU
		{B458D5DD-4462-4ADB-AD09-F82E297B9672}.Release|x64.Build.0 = Release|Any CPU
		{B458D5DD-4462-4ADB-AD09-F82E297B9672}.Release|x86.ActiveCfg = Release|Any CPU
		{B458D5DD-4462-4ADB-AD09-F82E297B9672}.Release|x86.Build.0 = Release|Any CPU
		{8D5150DA-AEDF-45EC-905A-3B2222EB4FC4}.Debug|Any CPU.ActiveCfg = Debug|Any CPU
		{8D5150DA-AEDF-45EC-905A-3B2222EB4FC4}.Debug|Any CPU.Build.0 = Debug|Any CPU
		{8D5150DA-AEDF-45EC-905A-3B2222EB4FC4}.Debug|x64.ActiveCfg = Debug|Any CPU
		{8D5150DA-AEDF-45EC-905A-3B2222EB4FC4}.Debug|x64.Build.0 = Debug|Any CPU
		{8D5150DA-AEDF-45EC-905A-3B2222EB4FC4}.Debug|x86.ActiveCfg = Debug|Any CPU
		{8D5150DA-AEDF-45EC-905A-3B2222EB4FC4}.Debug|x86.Build.0 = Debug|Any CPU
		{8D5150DA-AEDF-45EC-905A-3B2222EB4FC4}.Release|Any CPU.ActiveCfg = Release|Any CPU
		{8D5150DA-AEDF-45EC-905A-3B2222EB4FC4}.Release|Any CPU.Build.0 = Release|Any CPU
		{8D5150DA-AEDF-45EC-905A-3B2222EB4FC4}.Release|x64.ActiveCfg = Release|Any CPU
		{8D5150DA-AEDF-45EC-905A-3B2222EB4FC4}.Release|x64.Build.0 = Release|Any CPU
		{8D5150DA-AEDF-45EC-905A-3B2222EB4FC4}.Release|x86.ActiveCfg = Release|Any CPU
		{8D5150DA-AEDF-45EC-905A-3B2222EB4FC4}.Release|x86.Build.0 = Release|Any CPU
	EndGlobalSection
	GlobalSection(SolutionProperties) = preSolution
		HideSolutionNode = FALSE
	EndGlobalSection
	GlobalSection(ExtensibilityGlobals) = postSolution
		SolutionGuid = {2E9EF303-3EBF-4430-B476-382B6B664C90}
	EndGlobalSection
EndGlobal
